
Microsoft Visual Studio Solution File, Format Version 12.00
# Visual Studio Version 17
VisualStudioVersion = 17.6.33829.357
MinimumVisualStudioVersion = 10.0.40219.1
Project("{FAE04EC0-301F-11D3-BF4B-00C04F79EFBC}") = "WpfKeyboardTraining", "WpfKeyboardTraining\WpfKeyboardTraining.csproj", "{F8D07089-E9E8-4E87-AF70-603335E7453A}"
EndProject
Global
	GlobalSection(SolutionConfigurationPlatforms) = preSolution
		Debug|Any CPU = Debug|Any CPU
		Release|Any CPU = Release|Any CPU
	EndGlobalSection
	GlobalSection(ProjectConfigurationPlatforms) = postSolution
		{F8D07089-E9E8-4E87-AF70-603335E7453A}.Debug|Any CPU.ActiveCfg = Debug|Any CPU
		{F8D07089-E9E8-4E87-AF70-603335E7453A}.Debug|Any CPU.Build.0 = Debug|Any CPU
		{F8D07089-E9E8-4E87-AF70-603335E7453A}.Release|Any CPU.ActiveCfg = Release|Any CPU
		{F8D07089-E9E8-4E87-AF70-603335E7453A}.Release|Any CPU.Build.0 = Release|Any CPU
	EndGlobalSection
	GlobalSection(SolutionProperties) = preSolution
		HideSolutionNode = FALSE
	EndGlobalSection
	GlobalSection(ExtensibilityGlobals) = postSolution
		SolutionGuid = {1F98722D-C90C-4621-88C6-68AC81BF3B8E}
	EndGlobalSection
EndGlobal
